
Microsoft Visual Studio Solution File, Format Version 12.00
# Visual Studio 2013
VisualStudioVersion = 12.0.21005.1
MinimumVisualStudioVersion = 10.0.40219.1
Project("{FAE04EC0-301F-11D3-BF4B-00C04F79EFBC}") = "TrackerClient", "TrackerClient\TrackerClient.csproj", "{2C348D20-1092-439E-9769-3C6D3C495965}"
EndProject
Project("{FAE04EC0-301F-11D3-BF4B-00C04F79EFBC}") = "Receiver", "Receiver\Receiver.csproj", "{D4E80BBA-0EB0-4C83-8F60-6ECF9873B01C}"
EndProject
Project("{FAE04EC0-301F-11D3-BF4B-00C04F79EFBC}") = "Core", "Core\Core.csproj", "{EE5787BD-BA8E-449B-A6C1-7C3B3F48A328}"
EndProject
Project("{FAE04EC0-301F-11D3-BF4B-00C04F79EFBC}") = "Entity", "Entity\Entity.csproj", "{519FD02B-738E-45FA-932D-FA3583967FB3}"
EndProject
Project("{FAE04EC0-301F-11D3-BF4B-00C04F79EFBC}") = "WebApp", "WebApp\WebApp.csproj", "{06E60C25-F342-42E2-9B9E-6D0B33C8163B}"
EndProject
Global
	GlobalSection(SolutionConfigurationPlatforms) = preSolution
		Debug|Any CPU = Debug|Any CPU
		Release|Any CPU = Release|Any CPU
	EndGlobalSection
	GlobalSection(ProjectConfigurationPlatforms) = postSolution
		{2C348D20-1092-439E-9769-3C6D3C495965}.Debug|Any CPU.ActiveCfg = Debug|Any CPU
		{2C348D20-1092-439E-9769-3C6D3C495965}.Debug|Any CPU.Build.0 = Debug|Any CPU
		{2C348D20-1092-439E-9769-3C6D3C495965}.Release|Any CPU.ActiveCfg = Release|Any CPU
		{2C348D20-1092-439E-9769-3C6D3C495965}.Release|Any CPU.Build.0 = Release|Any CPU
		{D4E80BBA-0EB0-4C83-8F60-6ECF9873B01C}.Debug|Any CPU.ActiveCfg = Debug|Any CPU
		{D4E80BBA-0EB0-4C83-8F60-6ECF9873B01C}.Debug|Any CPU.Build.0 = Debug|Any CPU
		{D4E80BBA-0EB0-4C83-8F60-6ECF9873B01C}.Release|Any CPU.ActiveCfg = Release|Any CPU
		{D4E80BBA-0EB0-4C83-8F60-6ECF9873B01C}.Release|Any CPU.Build.0 = Release|Any CPU
		{EE5787BD-BA8E-449B-A6C1-7C3B3F48A328}.Debug|Any CPU.ActiveCfg = Debug|Any CPU
		{EE5787BD-BA8E-449B-A6C1-7C3B3F48A328}.Debug|Any CPU.Build.0 = Debug|Any CPU
		{EE5787BD-BA8E-449B-A6C1-7C3B3F48A328}.Release|Any CPU.ActiveCfg = Release|Any CPU
		{EE5787BD-BA8E-449B-A6C1-7C3B3F48A328}.Release|Any CPU.Build.0 = Release|Any CPU
		{519FD02B-738E-45FA-932D-FA3583967FB3}.Debug|Any CPU.ActiveCfg = Debug|Any CPU
		{519FD02B-738E-45FA-932D-FA3583967FB3}.Debug|Any CPU.Build.0 = Debug|Any CPU
		{519FD02B-738E-45FA-932D-FA3583967FB3}.Release|Any CPU.ActiveCfg = Release|Any CPU
		{519FD02B-738E-45FA-932D-FA3583967FB3}.Release|Any CPU.Build.0 = Release|Any CPU
		{06E60C25-F342-42E2-9B9E-6D0B33C8163B}.Debug|Any CPU.ActiveCfg = Debug|Any CPU
		{06E60C25-F342-42E2-9B9E-6D0B33C8163B}.Debug|Any CPU.Build.0 = Debug|Any CPU
		{06E60C25-F342-42E2-9B9E-6D0B33C8163B}.Release|Any CPU.ActiveCfg = Release|Any CPU
		{06E60C25-F342-42E2-9B9E-6D0B33C8163B}.Release|Any CPU.Build.0 = Release|Any CPU
	EndGlobalSection
	GlobalSection(SolutionProperties) = preSolution
		HideSolutionNode = FALSE
	EndGlobalSection
EndGlobal
